// !$*UTF8*$!
{
	archiveVersion = 1;
	classes = {
	};
	objectVersion = 50;
	objects = {

/* Begin PBXBuildFile section */
		AD44861324316BE60047D5AB /* AppDelegate.swift in Sources */ = {isa = PBXBuildFile; fileRef = AD44861224316BE60047D5AB /* AppDelegate.swift */; };
		AD44861524316BE60047D5AB /* SceneDelegate.swift in Sources */ = {isa = PBXBuildFile; fileRef = AD44861424316BE60047D5AB /* SceneDelegate.swift */; };
		AD44861724316BE60047D5AB /* ContentView.swift in Sources */ = {isa = PBXBuildFile; fileRef = AD44861624316BE60047D5AB /* ContentView.swift */; };
		AD44861924316BEA0047D5AB /* Assets.xcassets in Resources */ = {isa = PBXBuildFile; fileRef = AD44861824316BEA0047D5AB /* Assets.xcassets */; };
		AD44861C24316BEA0047D5AB /* Preview Assets.xcassets in Resources */ = {isa = PBXBuildFile; fileRef = AD44861B24316BEA0047D5AB /* Preview Assets.xcassets */; };
		AD44861F24316BEA0047D5AB /* LaunchScreen.storyboard in Resources */ = {isa = PBXBuildFile; fileRef = AD44861D24316BEA0047D5AB /* LaunchScreen.storyboard */; };
		AD44862724316C7A0047D5AB /* HalfModalView.swift in Sources */ = {isa = PBXBuildFile; fileRef = AD44862624316C7A0047D5AB /* HalfModalView.swift */; };
/* End PBXBuildFile section */

/* Begin PBXFileReference section */
		AD44860F24316BE60047D5AB /* HalfModalView.app */ = {isa = PBXFileReference; explicitFileType = wrapper.application; includeInIndex = 0; path = HalfModalView.app; sourceTree = BUILT_PRODUCTS_DIR; };
		AD44861224316BE60047D5AB /* AppDelegate.swift */ = {isa = PBXFileReference; lastKnownFileType = sourcecode.swift; path = AppDelegate.swift; sourceTree = "<group>"; };
		AD44861424316BE60047D5AB /* SceneDelegate.swift */ = {isa = PBXFileReference; lastKnownFileType = sourcecode.swift; path = SceneDelegate.swift; sourceTree = "<group>"; };
		AD44861624316BE60047D5AB /* ContentView.swift */ = {isa = PBXFileReference; lastKnownFileType = sourcecode.swift; path = ContentView.swift; sourceTree = "<group>"; };
		AD44861824316BEA0047D5AB /* Assets.xcassets */ = {isa = PBXFileReference; lastKnownFileType = folder.assetcatalog; path = Assets.xcassets; sourceTree = "<group>"; };
		AD44861B24316BEA0047D5AB /* Preview Assets.xcassets */ = {isa = PBXFileReference; lastKnownFileType = folder.assetcatalog; path = "Preview Assets.xcassets"; sourceTree = "<group>"; };
		AD44861E24316BEA0047D5AB /* Base */ = {isa = PBXFileReference; lastKnownFileType = file.storyboard; name = Base; path = Base.lproj/LaunchScreen.storyboard; sourceTree = "<group>"; };
		AD44862024316BEA0047D5AB /* Info.plist */ = {isa = PBXFileReference; lastKnownFileType = text.plist.xml; path = Info.plist; sourceTree = "<group>"; };
		AD44862624316C7A0047D5AB /* HalfModalView.swift */ = {isa = PBXFileReference; lastKnownFileType = sourcecode.swift; path = HalfModalView.swift; sourceTree = "<group>"; };
/* End PBXFileReference section */

/* Begin PBXFrameworksBuildPhase section */
		AD44860C24316BE60047D5AB /* Frameworks */ = {
			isa = PBXFrameworksBuildPhase;
			buildActionMask = 2147483647;
			files = (
			);
			runOnlyForDeploymentPostprocessing = 0;
		};
/* End PBXFrameworksBuildPhase section */

/* Begin PBXGroup section */
		AD44860624316BE60047D5AB = {
			isa = PBXGroup;
			children = (
				AD44861124316BE60047D5AB /* HalfModalView */,
				AD44861024316BE60047D5AB /* Products */,
			);
			sourceTree = "<group>";
		};
		AD44861024316BE60047D5AB /* Products */ = {
			isa = PBXGroup;
			children = (
				AD44860F24316BE60047D5AB /* HalfModalView.app */,
			);
			name = Products;
			sourceTree = "<group>";
		};
		AD44861124316BE60047D5AB /* HalfModalView */ = {
			isa = PBXGroup;
			children = (
				AD44862624316C7A0047D5AB /* HalfModalView.swift */,
				AD44861224316BE60047D5AB /* AppDelegate.swift */,
				AD44861424316BE60047D5AB /* SceneDelegate.swift */,
				AD44861624316BE60047D5AB /* ContentView.swift */,
				AD44861824316BEA0047D5AB /* Assets.xcassets */,
				AD44861D24316BEA0047D5AB /* LaunchScreen.storyboard */,
				AD44862024316BEA0047D5AB /* Info.plist */,
				AD44861A24316BEA0047D5AB /* Preview Content */,
			);
			path = HalfModalView;
			sourceTree = "<group>";
		};
		AD44861A24316BEA0047D5AB /* Preview Content */ = {
			isa = PBXGroup;
			children = (
				AD44861B24316BEA0047D5AB /* Preview Assets.xcassets */,
			);
			path = "Preview Content";
			sourceTree = "<group>";
		};
/* End PBXGroup section */

/* Begin PBXNativeTarget section */
		AD44860E24316BE60047D5AB /* HalfModalView */ = {
			isa = PBXNativeTarget;
			buildConfigurationList = AD44862324316BEA0047D5AB /* Build configuration list for PBXNativeTarget "HalfModalView" */;
			buildPhases = (
				AD44860B24316BE60047D5AB /* Sources */,
				AD44860C24316BE60047D5AB /* Frameworks */,
				AD44860D24316BE60047D5AB /* Resources */,
			);
			buildRules = (
			);
			dependencies = (
			);
			name = HalfModalView;
			productName = HalfModalView;
			productReference = AD44860F24316BE60047D5AB /* HalfModalView.app */;
			productType = "com.apple.product-type.application";
		};
/* End PBXNativeTarget section */

/* Begin PBXProject section */
		AD44860724316BE60047D5AB /* Project object */ = {
			isa = PBXProject;
			attributes = {
				LastSwiftUpdateCheck = 1140;
				LastUpgradeCheck = 1140;
				ORGANIZATIONNAME = BaraLabs;
				TargetAttributes = {
					AD44860E24316BE60047D5AB = {
						CreatedOnToolsVersion = 11.4;
					};
				};
			};
			buildConfigurationList = AD44860A24316BE60047D5AB /* Build configuration list for PBXProject "HalfModalView" */;
			compatibilityVersion = "Xcode 9.3";
			developmentRegion = en;
			hasScannedForEncodings = 0;
			knownRegions = (
				en,
				Base,
			);
			mainGroup = AD44860624316BE60047D5AB;
			productRefGroup = AD44861024316BE60047D5AB /* Products */;
			projectDirPath = "";
			projectRoot = "";
			targets = (
				AD44860E24316BE60047D5AB /* HalfModalView */,
			);
		};
/* End PBXProject section */

/* Begin PBXResourcesBuildPhase section */
		AD44860D24316BE60047D5AB /* Resources */ = {
			isa = PBXResourcesBuildPhase;
			buildActionMask = 2147483647;
			files = (
				AD44861F24316BEA0047D5AB /* LaunchScreen.storyboard in Resources */,
				AD44861C24316BEA0047D5AB /* Preview Assets.xcassets in Resources */,
				AD44861924316BEA0047D5AB /* Assets.xcassets in Resources */,
			);
			runOnlyForDeploymentPostprocessing = 0;
		};
/* End PBXResourcesBuildPhase section */

/* Begin PBXSourcesBuildPhase section */
		AD44860B24316BE60047D5AB /* Sources */ = {
			isa = PBXSourcesBuildPhase;
			buildActionMask = 2147483647;
			files = (
				AD44861324316BE60047D5AB /* AppDelegate.swift in Sources */,
				AD44862724316C7A0047D5AB /* HalfModalView.swift in Sources */,
				AD44861524316BE60047D5AB /* SceneDelegate.swift in Sources */,
				AD44861724316BE60047D5AB /* ContentView.swift in Sources */,
			);
			runOnlyForDeploymentPostprocessing = 0;
		};
/* End PBXSourcesBuildPhase section */

/* Begin PBXVariantGroup section */
		AD44861D24316BEA0047D5AB /* LaunchScreen.storyboard */ = {
			isa = PBXVariantGroup;
			children = (
				AD44861E24316BEA0047D5AB /* Base */,
			);
			name = LaunchScreen.storyboard;
			sourceTree = "<group>";
		};
/* End PBXVariantGroup section */

/* Begin XCBuildConfiguration section */
		AD44862124316BEA0047D5AB /* Debug */ = {
			isa = XCBuildConfiguration;
			buildSettings = {
				ALWAYS_SEARCH_USER_PATHS = NO;
				CLANG_ANALYZER_NONNULL = YES;
				CLANG_ANALYZER_NUMBER_OBJECT_CONVERSION = YES_AGGRESSIVE;
				CLANG_CXX_LANGUAGE_STANDARD = "gnu++14";
				CLANG_CXX_LIBRARY = "libc++";
				CLANG_ENABLE_MODULES = YES;
				CLANG_ENABLE_OBJC_ARC = YES;
				CLANG_ENABLE_OBJC_WEAK = YES;
				CLANG_WARN_BLOCK_CAPTURE_AUTORELEASING = YES;
				CLANG_WARN_BOOL_CONVERSION = YES;
				CLANG_WARN_COMMA = YES;
				CLANG_WARN_CONSTANT_CONVERSION = YES;
				CLANG_WARN_DEPRECATED_OBJC_IMPLEMENTATIONS = YES;
				CLANG_WARN_DIRECT_OBJC_ISA_USAGE = YES_ERROR;
				CLANG_WARN_DOCUMENTATION_COMMENTS = YES;
				CLANG_WARN_EMPTY_BODY = YES;
				CLANG_WARN_ENUM_CONVERSION = YES;
				CLANG_WARN_INFINITE_RECURSION = YES;
				CLANG_WARN_INT_CONVERSION = YES;
				CLANG_WARN_NON_LITERAL_NULL_CONVERSION = YES;
				CLANG_WARN_OBJC_IMPLICIT_RETAIN_SELF = YES;
				CLANG_WARN_OBJC_LITERAL_CONVERSION = YES;
				CLANG_WARN_OBJC_ROOT_CLASS = YES_ERROR;
				CLANG_WARN_RANGE_LOOP_ANALYSIS = YES;
				CLANG_WARN_STRICT_PROTOTYPES = YES;
				CLANG_WARN_SUSPICIOUS_MOVE = YES;
				CLANG_WARN_UNGUARDED_AVAILABILITY = YES_AGGRESSIVE;
				CLANG_WARN_UNREACHABLE_CODE = YES;
				CLANG_WARN__DUPLICATE_METHOD_MATCH = YES;
				COPY_PHASE_STRIP = NO;
				DEBUG_INFORMATION_FORMAT = dwarf;
				ENABLE_STRICT_OBJC_MSGSEND = YES;
				ENABLE_TESTABILITY = YES;
				GCC_C_LANGUAGE_STANDARD = gnu11;
				GCC_DYNAMIC_NO_PIC = NO;
				GCC_NO_COMMON_BLOCKS = YES;
				GCC_OPTIMIZATION_LEVEL = 0;
				GCC_PREPROCESSOR_DEFINITIONS = (
					"DEBUG=1",
					"$(inherited)",
				);
				GCC_WARN_64_TO_32_BIT_CONVERSION = YES;
				GCC_WARN_ABOUT_RETURN_TYPE = YES_ERROR;
				GCC_WARN_UNDECLARED_SELECTOR = YES;
				GCC_WARN_UNINITIALIZED_AUTOS = YES_AGGRESSIVE;
				GCC_WARN_UNUSED_FUNCTION = YES;
				GCC_WARN_UNUSED_VARIABLE = YES;
				IPHONEOS_DEPLOYMENT_TARGET = 13.4;
				MTL_ENABLE_DEBUG_INFO = INCLUDE_SOURCE;
				MTL_FAST_MATH = YES;
				ONLY_ACTIVE_ARCH = YES;
				SDKROOT = iphoneos;
				SWIFT_ACTIVE_COMPILATION_CONDITIONS = DEBUG;
				SWIFT_OPTIMIZATION_LEVEL = "-Onone";
			};
			name = Debug;
		};
		AD44862224316BEA0047D5AB /* Release */ = {
			isa = XCBuildConfiguration;
			buildSettings = {
				ALWAYS_SEARCH_USER_PATHS = NO;
				CLANG_ANALYZER_NONNULL = YES;
				CLANG_ANALYZER_NUMBER_OBJECT_CONVERSION = YES_AGGRESSIVE;
				CLANG_CXX_LANGUAGE_STANDARD = "gnu++14";
				CLANG_CXX_LIBRARY = "libc++";
				CLANG_ENABLE_MODULES = YES;
				CLANG_ENABLE_OBJC_ARC = YES;
				CLANG_ENABLE_OBJC_WEAK = YES;
				CLANG_WARN_BLOCK_CAPTURE_AUTORELEASING = YES;
				CLANG_WARN_BOOL_CONVERSION = YES;
				CLANG_WARN_COMMA = YES;
				CLANG_WARN_CONSTANT_CONVERSION = YES;
				CLANG_WARN_DEPRECATED_OBJC_IMPLEMENTATIONS = YES;
				CLANG_WARN_DIRECT_OBJC_ISA_USAGE = YES_ERROR;
				CLANG_WARN_DOCUMENTATION_COMMENTS = YES;
				CLANG_WARN_EMPTY_BODY = YES;
				CLANG_WARN_ENUM_CONVERSION = YES;
				CLANG_WARN_INFINITE_RECURSION = YES;
				CLANG_WARN_INT_CONVERSION = YES;
				CLANG_WARN_NON_LITERAL_NULL_CONVERSION = YES;
				CLANG_WARN_OBJC_IMPLICIT_RETAIN_SELF = YES;
				CLANG_WARN_OBJC_LITERAL_CONVERSION = YES;
				CLANG_WARN_OBJC_ROOT_CLASS = YES_ERROR;
				CLANG_WARN_RANGE_LOOP_ANALYSIS = YES;
				CLANG_WARN_STRICT_PROTOTYPES = YES;
				CLANG_WARN_SUSPICIOUS_MOVE = YES;
				CLANG_WARN_UNGUARDED_AVAILABILITY = YES_AGGRESSIVE;
				CLANG_WARN_UNREACHABLE_CODE = YES;
				CLANG_WARN__DUPLICATE_METHOD_MATCH = YES;
				COPY_PHASE_STRIP = NO;
				DEBUG_INFORMATION_FORMAT = "dwarf-with-dsym";
				ENABLE_NS_ASSERTIONS = NO;
				ENABLE_STRICT_OBJC_MSGSEND = YES;
				GCC_C_LANGUAGE_STANDARD = gnu11;
				GCC_NO_COMMON_BLOCKS = YES;
				GCC_WARN_64_TO_32_BIT_CONVERSION = YES;
				GCC_WARN_ABOUT_RETURN_TYPE = YES_ERROR;
				GCC_WARN_UNDECLARED_SELECTOR = YES;
				GCC_WARN_UNINITIALIZED_AUTOS = YES_AGGRESSIVE;
				GCC_WARN_UNUSED_FUNCTION = YES;
				GCC_WARN_UNUSED_VARIABLE = YES;
				IPHONEOS_DEPLOYMENT_TARGET = 13.4;
				MTL_ENABLE_DEBUG_INFO = NO;
				MTL_FAST_MATH = YES;
				SDKROOT = iphoneos;
				SWIFT_COMPILATION_MODE = wholemodule;
				SWIFT_OPTIMIZATION_LEVEL = "-O";
				VALIDATE_PRODUCT = YES;
			};
			name = Release;
		};
		AD44862424316BEA0047D5AB /* Debug */ = {
			isa = XCBuildConfiguration;
			buildSettings = {
				ASSETCATALOG_COMPILER_APPICON_NAME = AppIcon;
				CODE_SIGN_STYLE = Automatic;
				DEVELOPMENT_ASSET_PATHS = "\"HalfModalView/Preview Content\"";
				DEVELOPMENT_TEAM = CF655ESNGC;
				ENABLE_PREVIEWS = YES;
				INFOPLIST_FILE = HalfModalView/Info.plist;
				LD_RUNPATH_SEARCH_PATHS = (
					"$(inherited)",
					"@executable_path/Frameworks",
				);
				PRODUCT_BUNDLE_IDENTIFIER = com.baralabs.HalfModalView;
				PRODUCT_NAME = "$(TARGET_NAME)";
				SWIFT_VERSION = 5.0;
				TARGETED_DEVICE_FAMILY = "1,2";
			};
			name = Debug;
		};
		AD44862524316BEA0047D5AB /* Release */ = {
			isa = XCBuildConfiguration;
			buildSettings = {
				ASSETCATALOG_COMPILER_APPICON_NAME = AppIcon;
				CODE_SIGN_STYLE = Automatic;
				DEVELOPMENT_ASSET_PATHS = "\"HalfModalView/Preview Content\"";
				DEVELOPMENT_TEAM = CF655ESNGC;
				ENABLE_PREVIEWS = YES;
				INFOPLIST_FILE = HalfModalView/Info.plist;
				LD_RUNPATH_SEARCH_PATHS = (
					"$(inherited)",
					"@executable_path/Frameworks",
				);
				PRODUCT_BUNDLE_IDENTIFIER = com.baralabs.HalfModalView;
				PRODUCT_NAME = "$(TARGET_NAME)";
				SWIFT_VERSION = 5.0;
				TARGETED_DEVICE_FAMILY = "1,2";
			};
			name = Release;
		};
/* End XCBuildConfiguration section */

/* Begin XCConfigurationList section */
		AD44860A24316BE60047D5AB /* Build configuration list for PBXProject "HalfModalView" */ = {
			isa = XCConfigurationList;
			buildConfigurations = (
				AD44862124316BEA0047D5AB /* Debug */,
				AD44862224316BEA0047D5AB /* Release */,
			);
			defaultConfigurationIsVisible = 0;
			defaultConfigurationName = Release;
		};
		AD44862324316BEA0047D5AB /* Build configuration list for PBXNativeTarget "HalfModalView" */ = {
			isa = XCConfigurationList;
			buildConfigurations = (
				AD44862424316BEA0047D5AB /* Debug */,
				AD44862524316BEA0047D5AB /* Release */,
			);
			defaultConfigurationIsVisible = 0;
			defaultConfigurationName = Release;
		};
/* End XCConfigurationList section */
	};
	rootObject = AD44860724316BE60047D5AB /* Project object */;
}
